// !$*UTF8*$!
{
	archiveVersion = 1;
	classes = {
	};
	objectVersion = 46;
	objects = {

/* Begin PBXBuildFile section */
		0AE7C0911DBA162900AA17BB /* main.m in Sources */ = {isa = PBXBuildFile; fileRef = 0AE7C0901DBA162900AA17BB /* main.m */; };
		0AE7C0991DBA164200AA17BB /* Inventory.m in Sources */ = {isa = PBXBuildFile; fileRef = 0AE7C0981DBA164200AA17BB /* Inventory.m */; };
/* End PBXBuildFile section */

/* Begin PBXCopyFilesBuildPhase section */
		0AE7C08B1DBA162900AA17BB /* CopyFiles */ = {
			isa = PBXCopyFilesBuildPhase;
			buildActionMask = 2147483647;
			dstPath = /usr/share/man/man1/;
			dstSubfolderSpec = 0;
			files = (
			);
			runOnlyForDeploymentPostprocessing = 1;
		};
/* End PBXCopyFilesBuildPhase section */

/* Begin PBXFileReference section */
		0AE7C08D1DBA162900AA17BB /* JSON Code */ = {isa = PBXFileReference; explicitFileType = "compiled.mach-o.executable"; includeInIndex = 0; path = "JSON Code"; sourceTree = BUILT_PRODUCTS_DIR; };
		0AE7C0901DBA162900AA17BB /* main.m */ = {isa = PBXFileReference; lastKnownFileType = sourcecode.c.objc; path = main.m; sourceTree = "<group>"; };
		0AE7C0971DBA164200AA17BB /* Inventory.h */ = {isa = PBXFileReference; fileEncoding = 4; lastKnownFileType = sourcecode.c.h; path = Inventory.h; sourceTree = "<group>"; };
		0AE7C0981DBA164200AA17BB /* Inventory.m */ = {isa = PBXFileReference; fileEncoding = 4; lastKnownFileType = sourcecode.c.objc; path = Inventory.m; sourceTree = "<group>"; };
/* End PBXFileReference section */

/* Begin PBXFrameworksBuildPhase section */
		0AE7C08A1DBA162900AA17BB /* Frameworks */ = {
			isa = PBXFrameworksBuildPhase;
			buildActionMask = 2147483647;
			files = (
			);
			runOnlyForDeploymentPostprocessing = 0;
		};
/* End PBXFrameworksBuildPhase section */

/* Begin PBXGroup section */
		0AE7C0841DBA162900AA17BB = {
			isa = PBXGroup;
			children = (
				0AE7C08F1DBA162900AA17BB /* JSON Code */,
				0AE7C08E1DBA162900AA17BB /* Products */,
			);
			sourceTree = "<group>";
		};
		0AE7C08E1DBA162900AA17BB /* Products */ = {
			isa = PBXGroup;
			children = (
				0AE7C08D1DBA162900AA17BB /* JSON Code */,
			);
			name = Products;
			sourceTree = "<group>";
		};
		0AE7C08F1DBA162900AA17BB /* JSON Code */ = {
			isa = PBXGroup;
			children = (
				0AE7C0901DBA162900AA17BB /* main.m */,
				0AE7C0971DBA164200AA17BB /* Inventory.h */,
				0AE7C0981DBA164200AA17BB /* Inventory.m */,
			);
			path = "JSON Code";
			sourceTree = "<group>";
		};
/* End PBXGroup section */

/* Begin PBXNativeTarget section */
		0AE7C08C1DBA162900AA17BB /* JSON Code */ = {
			isa = PBXNativeTarget;
			buildConfigurationList = 0AE7C0941DBA162900AA17BB /* Build configuration list for PBXNativeTarget "JSON Code" */;
			buildPhases = (
				0AE7C0891DBA162900AA17BB /* Sources */,
				0AE7C08A1DBA162900AA17BB /* Frameworks */,
				0AE7C08B1DBA162900AA17BB /* CopyFiles */,
			);
			buildRules = (
			);
			dependencies = (
			);
			name = "JSON Code";
			productName = "JSON Code";
			productReference = 0AE7C08D1DBA162900AA17BB /* JSON Code */;
			productType = "com.apple.product-type.tool";
		};
/* End PBXNativeTarget section */

/* Begin PBXProject section */
		0AE7C0851DBA162900AA17BB /* Project object */ = {
			isa = PBXProject;
			attributes = {
				LastUpgradeCheck = 0730;
				ORGANIZATIONNAME = "BridgeLabz Solutions LLP ";
				TargetAttributes = {
					0AE7C08C1DBA162900AA17BB = {
						CreatedOnToolsVersion = 7.3.1;
					};
				};
			};
			buildConfigurationList = 0AE7C0881DBA162900AA17BB /* Build configuration list for PBXProject "JSON Code" */;
			compatibilityVersion = "Xcode 3.2";
			developmentRegion = English;
			hasScannedForEncodings = 0;
			knownRegions = (
				en,
			);
			mainGroup = 0AE7C0841DBA162900AA17BB;
			productRefGroup = 0AE7C08E1DBA162900AA17BB /* Products */;
			projectDirPath = "";
			projectRoot = "";
			targets = (
				0AE7C08C1DBA162900AA17BB /* JSON Code */,
			);
		};
/* End PBXProject section */

/* Begin PBXSourcesBuildPhase section */
		0AE7C0891DBA162900AA17BB /* Sources */ = {
			isa = PBXSourcesBuildPhase;
			buildActionMask = 2147483647;
			files = (
				0AE7C0991DBA164200AA17BB /* Inventory.m in Sources */,
				0AE7C0911DBA162900AA17BB /* main.m in Sources */,
			);
			runOnlyForDeploymentPostprocessing = 0;
		};
/* End PBXSourcesBuildPhase section */

/* Begin XCBuildConfiguration section */
		0AE7C0921DBA162900AA17BB /* Debug */ = {
			isa = XCBuildConfiguration;
			buildSettings = {
				ALWAYS_SEARCH_USER_PATHS = NO;
				CLANG_ANALYZER_NONNULL = YES;
				CLANG_CXX_LANGUAGE_STANDARD = "gnu++0x";
				CLANG_CXX_LIBRARY = "libc++";
				CLANG_ENABLE_MODULES = YES;
				CLANG_ENABLE_OBJC_ARC = YES;
				CLANG_WARN_BOOL_CONVERSION = YES;
				CLANG_WARN_CONSTANT_CONVERSION = YES;
				CLANG_WARN_DIRECT_OBJC_ISA_USAGE = YES_ERROR;
				CLANG_WARN_EMPTY_BODY = YES;
				CLANG_WARN_ENUM_CONVERSION = YES;
				CLANG_WARN_INT_CONVERSION = YES;
				CLANG_WARN_OBJC_ROOT_CLASS = YES_ERROR;
				CLANG_WARN_UNREACHABLE_CODE = YES;
				CLANG_WARN__DUPLICATE_METHOD_MATCH = YES;
				CODE_SIGN_IDENTITY = "-";
				COPY_PHASE_STRIP = NO;
				DEBUG_INFORMATION_FORMAT = dwarf;
				ENABLE_STRICT_OBJC_MSGSEND = YES;
				ENABLE_TESTABILITY = YES;
				GCC_C_LANGUAGE_STANDARD = gnu99;
				GCC_DYNAMIC_NO_PIC = NO;
				GCC_NO_COMMON_BLOCKS = YES;
				GCC_OPTIMIZATION_LEVEL = 0;
				GCC_PREPROCESSOR_DEFINITIONS = (
					"DEBUG=1",
					"$(inherited)",
				);
				GCC_WARN_64_TO_32_BIT_CONVERSION = YES;
				GCC_WARN_ABOUT_RETURN_TYPE = YES_ERROR;
				GCC_WARN_UNDECLARED_SELECTOR = YES;
				GCC_WARN_UNINITIALIZED_AUTOS = YES_AGGRESSIVE;
				GCC_WARN_UNUSED_FUNCTION = YES;
				GCC_WARN_UNUSED_VARIABLE = YES;
				MACOSX_DEPLOYMENT_TARGET = 10.11;
				MTL_ENABLE_DEBUG_INFO = YES;
				ONLY_ACTIVE_ARCH = YES;
				SDKROOT = macosx;
			};
			name = Debug;
		};
		0AE7C0931DBA162900AA17BB /* Release */ = {
			isa = XCBuildConfiguration;
			buildSettings = {
				ALWAYS_SEARCH_USER_PATHS = NO;
				CLANG_ANALYZER_NONNULL = YES;
				CLANG_CXX_LANGUAGE_STANDARD = "gnu++0x";
				CLANG_CXX_LIBRARY = "libc++";
				CLANG_ENABLE_MODULES = YES;
				CLANG_ENABLE_OBJC_ARC = YES;
				CLANG_WARN_BOOL_CONVERSION = YES;
				CLANG_WARN_CONSTANT_CONVERSION = YES;
				CLANG_WARN_DIRECT_OBJC_ISA_USAGE = YES_ERROR;
				CLANG_WARN_EMPTY_BODY = YES;
				CLANG_WARN_ENUM_CONVERSION = YES;
				CLANG_WARN_INT_CONVERSION = YES;
				CLANG_WARN_OBJC_ROOT_CLASS = YES_ERROR;
				CLANG_WARN_UNREACHABLE_CODE = YES;
				CLANG_WARN__DUPLICATE_METHOD_MATCH = YES;
				CODE_SIGN_IDENTITY = "-";
				COPY_PHASE_STRIP = NO;
				DEBUG_INFORMATION_FORMAT = "dwarf-with-dsym";
				ENABLE_NS_ASSERTIONS = NO;
				ENABLE_STRICT_OBJC_MSGSEND = YES;
				GCC_C_LANGUAGE_STANDARD = gnu99;
				GCC_NO_COMMON_BLOCKS = YES;
				GCC_WARN_64_TO_32_BIT_CONVERSION = YES;
				GCC_WARN_ABOUT_RETURN_TYPE = YES_ERROR;
				GCC_WARN_UNDECLARED_SELECTOR = YES;
				GCC_WARN_UNINITIALIZED_AUTOS = YES_AGGRESSIVE;
				GCC_WARN_UNUSED_FUNCTION = YES;
				GCC_WARN_UNUSED_VARIABLE = YES;
				MACOSX_DEPLOYMENT_TARGET = 10.11;
				MTL_ENABLE_DEBUG_INFO = NO;
				SDKROOT = macosx;
			};
			name = Release;
		};
		0AE7C0951DBA162900AA17BB /* Debug */ = {
			isa = XCBuildConfiguration;
			buildSettings = {
				PRODUCT_NAME = "$(TARGET_NAME)";
			};
			name = Debug;
		};
		0AE7C0961DBA162900AA17BB /* Release */ = {
			isa = XCBuildConfiguration;
			buildSettings = {
				PRODUCT_NAME = "$(TARGET_NAME)";
			};
			name = Release;
		};
/* End XCBuildConfiguration section */

/* Begin XCConfigurationList section */
		0AE7C0881DBA162900AA17BB /* Build configuration list for PBXProject "JSON Code" */ = {
			isa = XCConfigurationList;
			buildConfigurations = (
				0AE7C0921DBA162900AA17BB /* Debug */,
				0AE7C0931DBA162900AA17BB /* Release */,
			);
			defaultConfigurationIsVisible = 0;
			defaultConfigurationName = Release;
		};
		0AE7C0941DBA162900AA17BB /* Build configuration list for PBXNativeTarget "JSON Code" */ = {
			isa = XCConfigurationList;
			buildConfigurations = (
				0AE7C0951DBA162900AA17BB /* Debug */,
				0AE7C0961DBA162900AA17BB /* Release */,
			);
			defaultConfigurationIsVisible = 0;
		};
/* End XCConfigurationList section */
	};
	rootObject = 0AE7C0851DBA162900AA17BB /* Project object */;
}
