// !$*UTF8*$!
{
	archiveVersion = 1;
	classes = {
	};
	objectVersion = 46;
	objects = {

/* Begin PBXBuildFile section */
		0ABF7A001DAF94F200B1B221 /* main.m in Sources */ = {isa = PBXBuildFile; fileRef = 0ABF79FF1DAF94F200B1B221 /* main.m */; };
		0ABF7A081DAF951400B1B221 /* Stock.m in Sources */ = {isa = PBXBuildFile; fileRef = 0ABF7A071DAF951400B1B221 /* Stock.m */; };
/* End PBXBuildFile section */

/* Begin PBXCopyFilesBuildPhase section */
		0ABF79FA1DAF94F200B1B221 /* CopyFiles */ = {
			isa = PBXCopyFilesBuildPhase;
			buildActionMask = 2147483647;
			dstPath = /usr/share/man/man1/;
			dstSubfolderSpec = 0;
			files = (
			);
			runOnlyForDeploymentPostprocessing = 1;
		};
/* End PBXCopyFilesBuildPhase section */

/* Begin PBXFileReference section */
		0ABF79FC1DAF94F200B1B221 /* Stock Report */ = {isa = PBXFileReference; explicitFileType = "compiled.mach-o.executable"; includeInIndex = 0; path = "Stock Report"; sourceTree = BUILT_PRODUCTS_DIR; };
		0ABF79FF1DAF94F200B1B221 /* main.m */ = {isa = PBXFileReference; lastKnownFileType = sourcecode.c.objc; path = main.m; sourceTree = "<group>"; };
		0ABF7A061DAF951400B1B221 /* Stock.h */ = {isa = PBXFileReference; fileEncoding = 4; lastKnownFileType = sourcecode.c.h; path = Stock.h; sourceTree = "<group>"; };
		0ABF7A071DAF951400B1B221 /* Stock.m */ = {isa = PBXFileReference; fileEncoding = 4; lastKnownFileType = sourcecode.c.objc; path = Stock.m; sourceTree = "<group>"; };
/* End PBXFileReference section */

/* Begin PBXFrameworksBuildPhase section */
		0ABF79F91DAF94F200B1B221 /* Frameworks */ = {
			isa = PBXFrameworksBuildPhase;
			buildActionMask = 2147483647;
			files = (
			);
			runOnlyForDeploymentPostprocessing = 0;
		};
/* End PBXFrameworksBuildPhase section */

/* Begin PBXGroup section */
		0ABF79F31DAF94F200B1B221 = {
			isa = PBXGroup;
			children = (
				0ABF79FE1DAF94F200B1B221 /* Stock Report */,
				0ABF79FD1DAF94F200B1B221 /* Products */,
			);
			sourceTree = "<group>";
		};
		0ABF79FD1DAF94F200B1B221 /* Products */ = {
			isa = PBXGroup;
			children = (
				0ABF79FC1DAF94F200B1B221 /* Stock Report */,
			);
			name = Products;
			sourceTree = "<group>";
		};
		0ABF79FE1DAF94F200B1B221 /* Stock Report */ = {
			isa = PBXGroup;
			children = (
				0ABF79FF1DAF94F200B1B221 /* main.m */,
				0ABF7A061DAF951400B1B221 /* Stock.h */,
				0ABF7A071DAF951400B1B221 /* Stock.m */,
			);
			path = "Stock Report";
			sourceTree = "<group>";
		};
/* End PBXGroup section */

/* Begin PBXNativeTarget section */
		0ABF79FB1DAF94F200B1B221 /* Stock Report */ = {
			isa = PBXNativeTarget;
			buildConfigurationList = 0ABF7A031DAF94F200B1B221 /* Build configuration list for PBXNativeTarget "Stock Report" */;
			buildPhases = (
				0ABF79F81DAF94F200B1B221 /* Sources */,
				0ABF79F91DAF94F200B1B221 /* Frameworks */,
				0ABF79FA1DAF94F200B1B221 /* CopyFiles */,
			);
			buildRules = (
			);
			dependencies = (
			);
			name = "Stock Report";
			productName = "Stock Report";
			productReference = 0ABF79FC1DAF94F200B1B221 /* Stock Report */;
			productType = "com.apple.product-type.tool";
		};
/* End PBXNativeTarget section */

/* Begin PBXProject section */
		0ABF79F41DAF94F200B1B221 /* Project object */ = {
			isa = PBXProject;
			attributes = {
				LastUpgradeCheck = 0730;
				ORGANIZATIONNAME = "BridgeLabz Solutions LLP ";
				TargetAttributes = {
					0ABF79FB1DAF94F200B1B221 = {
						CreatedOnToolsVersion = 7.3.1;
					};
				};
			};
			buildConfigurationList = 0ABF79F71DAF94F200B1B221 /* Build configuration list for PBXProject "Stock Report" */;
			compatibilityVersion = "Xcode 3.2";
			developmentRegion = English;
			hasScannedForEncodings = 0;
			knownRegions = (
				en,
			);
			mainGroup = 0ABF79F31DAF94F200B1B221;
			productRefGroup = 0ABF79FD1DAF94F200B1B221 /* Products */;
			projectDirPath = "";
			projectRoot = "";
			targets = (
				0ABF79FB1DAF94F200B1B221 /* Stock Report */,
			);
		};
/* End PBXProject section */

/* Begin PBXSourcesBuildPhase section */
		0ABF79F81DAF94F200B1B221 /* Sources */ = {
			isa = PBXSourcesBuildPhase;
			buildActionMask = 2147483647;
			files = (
				0ABF7A081DAF951400B1B221 /* Stock.m in Sources */,
				0ABF7A001DAF94F200B1B221 /* main.m in Sources */,
			);
			runOnlyForDeploymentPostprocessing = 0;
		};
/* End PBXSourcesBuildPhase section */

/* Begin XCBuildConfiguration section */
		0ABF7A011DAF94F200B1B221 /* Debug */ = {
			isa = XCBuildConfiguration;
			buildSettings = {
				ALWAYS_SEARCH_USER_PATHS = NO;
				CLANG_ANALYZER_NONNULL = YES;
				CLANG_CXX_LANGUAGE_STANDARD = "gnu++0x";
				CLANG_CXX_LIBRARY = "libc++";
				CLANG_ENABLE_MODULES = YES;
				CLANG_ENABLE_OBJC_ARC = YES;
				CLANG_WARN_BOOL_CONVERSION = YES;
				CLANG_WARN_CONSTANT_CONVERSION = YES;
				CLANG_WARN_DIRECT_OBJC_ISA_USAGE = YES_ERROR;
				CLANG_WARN_EMPTY_BODY = YES;
				CLANG_WARN_ENUM_CONVERSION = YES;
				CLANG_WARN_INT_CONVERSION = YES;
				CLANG_WARN_OBJC_ROOT_CLASS = YES_ERROR;
				CLANG_WARN_UNREACHABLE_CODE = YES;
				CLANG_WARN__DUPLICATE_METHOD_MATCH = YES;
				CODE_SIGN_IDENTITY = "-";
				COPY_PHASE_STRIP = NO;
				DEBUG_INFORMATION_FORMAT = dwarf;
				ENABLE_STRICT_OBJC_MSGSEND = YES;
				ENABLE_TESTABILITY = YES;
				GCC_C_LANGUAGE_STANDARD = gnu99;
				GCC_DYNAMIC_NO_PIC = NO;
				GCC_NO_COMMON_BLOCKS = YES;
				GCC_OPTIMIZATION_LEVEL = 0;
				GCC_PREPROCESSOR_DEFINITIONS = (
					"DEBUG=1",
					"$(inherited)",
				);
				GCC_WARN_64_TO_32_BIT_CONVERSION = YES;
				GCC_WARN_ABOUT_RETURN_TYPE = YES_ERROR;
				GCC_WARN_UNDECLARED_SELECTOR = YES;
				GCC_WARN_UNINITIALIZED_AUTOS = YES_AGGRESSIVE;
				GCC_WARN_UNUSED_FUNCTION = YES;
				GCC_WARN_UNUSED_VARIABLE = YES;
				MACOSX_DEPLOYMENT_TARGET = 10.11;
				MTL_ENABLE_DEBUG_INFO = YES;
				ONLY_ACTIVE_ARCH = YES;
				SDKROOT = macosx;
			};
			name = Debug;
		};
		0ABF7A021DAF94F200B1B221 /* Release */ = {
			isa = XCBuildConfiguration;
			buildSettings = {
				ALWAYS_SEARCH_USER_PATHS = NO;
				CLANG_ANALYZER_NONNULL = YES;
				CLANG_CXX_LANGUAGE_STANDARD = "gnu++0x";
				CLANG_CXX_LIBRARY = "libc++";
				CLANG_ENABLE_MODULES = YES;
				CLANG_ENABLE_OBJC_ARC = YES;
				CLANG_WARN_BOOL_CONVERSION = YES;
				CLANG_WARN_CONSTANT_CONVERSION = YES;
				CLANG_WARN_DIRECT_OBJC_ISA_USAGE = YES_ERROR;
				CLANG_WARN_EMPTY_BODY = YES;
				CLANG_WARN_ENUM_CONVERSION = YES;
				CLANG_WARN_INT_CONVERSION = YES;
				CLANG_WARN_OBJC_ROOT_CLASS = YES_ERROR;
				CLANG_WARN_UNREACHABLE_CODE = YES;
				CLANG_WARN__DUPLICATE_METHOD_MATCH = YES;
				CODE_SIGN_IDENTITY = "-";
				COPY_PHASE_STRIP = NO;
				DEBUG_INFORMATION_FORMAT = "dwarf-with-dsym";
				ENABLE_NS_ASSERTIONS = NO;
				ENABLE_STRICT_OBJC_MSGSEND = YES;
				GCC_C_LANGUAGE_STANDARD = gnu99;
				GCC_NO_COMMON_BLOCKS = YES;
				GCC_WARN_64_TO_32_BIT_CONVERSION = YES;
				GCC_WARN_ABOUT_RETURN_TYPE = YES_ERROR;
				GCC_WARN_UNDECLARED_SELECTOR = YES;
				GCC_WARN_UNINITIALIZED_AUTOS = YES_AGGRESSIVE;
				GCC_WARN_UNUSED_FUNCTION = YES;
				GCC_WARN_UNUSED_VARIABLE = YES;
				MACOSX_DEPLOYMENT_TARGET = 10.11;
				MTL_ENABLE_DEBUG_INFO = NO;
				SDKROOT = macosx;
			};
			name = Release;
		};
		0ABF7A041DAF94F200B1B221 /* Debug */ = {
			isa = XCBuildConfiguration;
			buildSettings = {
				PRODUCT_NAME = "$(TARGET_NAME)";
			};
			name = Debug;
		};
		0ABF7A051DAF94F200B1B221 /* Release */ = {
			isa = XCBuildConfiguration;
			buildSettings = {
				PRODUCT_NAME = "$(TARGET_NAME)";
			};
			name = Release;
		};
/* End XCBuildConfiguration section */

/* Begin XCConfigurationList section */
		0ABF79F71DAF94F200B1B221 /* Build configuration list for PBXProject "Stock Report" */ = {
			isa = XCConfigurationList;
			buildConfigurations = (
				0ABF7A011DAF94F200B1B221 /* Debug */,
				0ABF7A021DAF94F200B1B221 /* Release */,
			);
			defaultConfigurationIsVisible = 0;
			defaultConfigurationName = Release;
		};
		0ABF7A031DAF94F200B1B221 /* Build configuration list for PBXNativeTarget "Stock Report" */ = {
			isa = XCConfigurationList;
			buildConfigurations = (
				0ABF7A041DAF94F200B1B221 /* Debug */,
				0ABF7A051DAF94F200B1B221 /* Release */,
			);
			defaultConfigurationIsVisible = 0;
		};
/* End XCConfigurationList section */
	};
	rootObject = 0ABF79F41DAF94F200B1B221 /* Project object */;
}
