// !$*UTF8*$!
{
	archiveVersion = 1;
	classes = {
	};
	objectVersion = 46;
	objects = {

/* Begin PBXBuildFile section */
		0AED682A1DC0747200E8B507 /* main.m in Sources */ = {isa = PBXBuildFile; fileRef = 0AED68291DC0747200E8B507 /* main.m */; };
		0AED68321DC074B800E8B507 /* Node.m in Sources */ = {isa = PBXBuildFile; fileRef = 0AED68311DC074B800E8B507 /* Node.m */; };
		0AED68351DC074E500E8B507 /* Queue.m in Sources */ = {isa = PBXBuildFile; fileRef = 0AED68341DC074E500E8B507 /* Queue.m */; };
/* End PBXBuildFile section */

/* Begin PBXCopyFilesBuildPhase section */
		0AED68241DC0747200E8B507 /* CopyFiles */ = {
			isa = PBXCopyFilesBuildPhase;
			buildActionMask = 2147483647;
			dstPath = /usr/share/man/man1/;
			dstSubfolderSpec = 0;
			files = (
			);
			runOnlyForDeploymentPostprocessing = 1;
		};
/* End PBXCopyFilesBuildPhase section */

/* Begin PBXFileReference section */
		0AED68261DC0747200E8B507 /* Bank Cash Counter2 */ = {isa = PBXFileReference; explicitFileType = "compiled.mach-o.executable"; includeInIndex = 0; path = "Bank Cash Counter2"; sourceTree = BUILT_PRODUCTS_DIR; };
		0AED68291DC0747200E8B507 /* main.m */ = {isa = PBXFileReference; lastKnownFileType = sourcecode.c.objc; path = main.m; sourceTree = "<group>"; };
		0AED68301DC074B800E8B507 /* Node.h */ = {isa = PBXFileReference; fileEncoding = 4; lastKnownFileType = sourcecode.c.h; path = Node.h; sourceTree = "<group>"; };
		0AED68311DC074B800E8B507 /* Node.m */ = {isa = PBXFileReference; fileEncoding = 4; lastKnownFileType = sourcecode.c.objc; path = Node.m; sourceTree = "<group>"; };
		0AED68331DC074E500E8B507 /* Queue.h */ = {isa = PBXFileReference; fileEncoding = 4; lastKnownFileType = sourcecode.c.h; path = Queue.h; sourceTree = "<group>"; };
		0AED68341DC074E500E8B507 /* Queue.m */ = {isa = PBXFileReference; fileEncoding = 4; lastKnownFileType = sourcecode.c.objc; path = Queue.m; sourceTree = "<group>"; };
/* End PBXFileReference section */

/* Begin PBXFrameworksBuildPhase section */
		0AED68231DC0747200E8B507 /* Frameworks */ = {
			isa = PBXFrameworksBuildPhase;
			buildActionMask = 2147483647;
			files = (
			);
			runOnlyForDeploymentPostprocessing = 0;
		};
/* End PBXFrameworksBuildPhase section */

/* Begin PBXGroup section */
		0AED681D1DC0747200E8B507 = {
			isa = PBXGroup;
			children = (
				0AED68281DC0747200E8B507 /* Bank Cash Counter2 */,
				0AED68271DC0747200E8B507 /* Products */,
			);
			sourceTree = "<group>";
		};
		0AED68271DC0747200E8B507 /* Products */ = {
			isa = PBXGroup;
			children = (
				0AED68261DC0747200E8B507 /* Bank Cash Counter2 */,
			);
			name = Products;
			sourceTree = "<group>";
		};
		0AED68281DC0747200E8B507 /* Bank Cash Counter2 */ = {
			isa = PBXGroup;
			children = (
				0AED68291DC0747200E8B507 /* main.m */,
				0AED68301DC074B800E8B507 /* Node.h */,
				0AED68311DC074B800E8B507 /* Node.m */,
				0AED68331DC074E500E8B507 /* Queue.h */,
				0AED68341DC074E500E8B507 /* Queue.m */,
			);
			path = "Bank Cash Counter2";
			sourceTree = "<group>";
		};
/* End PBXGroup section */

/* Begin PBXNativeTarget section */
		0AED68251DC0747200E8B507 /* Bank Cash Counter2 */ = {
			isa = PBXNativeTarget;
			buildConfigurationList = 0AED682D1DC0747200E8B507 /* Build configuration list for PBXNativeTarget "Bank Cash Counter2" */;
			buildPhases = (
				0AED68221DC0747200E8B507 /* Sources */,
				0AED68231DC0747200E8B507 /* Frameworks */,
				0AED68241DC0747200E8B507 /* CopyFiles */,
			);
			buildRules = (
			);
			dependencies = (
			);
			name = "Bank Cash Counter2";
			productName = "Bank Cash Counter2";
			productReference = 0AED68261DC0747200E8B507 /* Bank Cash Counter2 */;
			productType = "com.apple.product-type.tool";
		};
/* End PBXNativeTarget section */

/* Begin PBXProject section */
		0AED681E1DC0747200E8B507 /* Project object */ = {
			isa = PBXProject;
			attributes = {
				LastUpgradeCheck = 0730;
				ORGANIZATIONNAME = "BridgeLabz Solutions LLP ";
				TargetAttributes = {
					0AED68251DC0747200E8B507 = {
						CreatedOnToolsVersion = 7.3.1;
					};
				};
			};
			buildConfigurationList = 0AED68211DC0747200E8B507 /* Build configuration list for PBXProject "Bank Cash Counter2" */;
			compatibilityVersion = "Xcode 3.2";
			developmentRegion = English;
			hasScannedForEncodings = 0;
			knownRegions = (
				en,
			);
			mainGroup = 0AED681D1DC0747200E8B507;
			productRefGroup = 0AED68271DC0747200E8B507 /* Products */;
			projectDirPath = "";
			projectRoot = "";
			targets = (
				0AED68251DC0747200E8B507 /* Bank Cash Counter2 */,
			);
		};
/* End PBXProject section */

/* Begin PBXSourcesBuildPhase section */
		0AED68221DC0747200E8B507 /* Sources */ = {
			isa = PBXSourcesBuildPhase;
			buildActionMask = 2147483647;
			files = (
				0AED68351DC074E500E8B507 /* Queue.m in Sources */,
				0AED682A1DC0747200E8B507 /* main.m in Sources */,
				0AED68321DC074B800E8B507 /* Node.m in Sources */,
			);
			runOnlyForDeploymentPostprocessing = 0;
		};
/* End PBXSourcesBuildPhase section */

/* Begin XCBuildConfiguration section */
		0AED682B1DC0747200E8B507 /* Debug */ = {
			isa = XCBuildConfiguration;
			buildSettings = {
				ALWAYS_SEARCH_USER_PATHS = NO;
				CLANG_ANALYZER_NONNULL = YES;
				CLANG_CXX_LANGUAGE_STANDARD = "gnu++0x";
				CLANG_CXX_LIBRARY = "libc++";
				CLANG_ENABLE_MODULES = YES;
				CLANG_ENABLE_OBJC_ARC = YES;
				CLANG_WARN_BOOL_CONVERSION = YES;
				CLANG_WARN_CONSTANT_CONVERSION = YES;
				CLANG_WARN_DIRECT_OBJC_ISA_USAGE = YES_ERROR;
				CLANG_WARN_EMPTY_BODY = YES;
				CLANG_WARN_ENUM_CONVERSION = YES;
				CLANG_WARN_INT_CONVERSION = YES;
				CLANG_WARN_OBJC_ROOT_CLASS = YES_ERROR;
				CLANG_WARN_UNREACHABLE_CODE = YES;
				CLANG_WARN__DUPLICATE_METHOD_MATCH = YES;
				CODE_SIGN_IDENTITY = "-";
				COPY_PHASE_STRIP = NO;
				DEBUG_INFORMATION_FORMAT = dwarf;
				ENABLE_STRICT_OBJC_MSGSEND = YES;
				ENABLE_TESTABILITY = YES;
				GCC_C_LANGUAGE_STANDARD = gnu99;
				GCC_DYNAMIC_NO_PIC = NO;
				GCC_NO_COMMON_BLOCKS = YES;
				GCC_OPTIMIZATION_LEVEL = 0;
				GCC_PREPROCESSOR_DEFINITIONS = (
					"DEBUG=1",
					"$(inherited)",
				);
				GCC_WARN_64_TO_32_BIT_CONVERSION = YES;
				GCC_WARN_ABOUT_RETURN_TYPE = YES_ERROR;
				GCC_WARN_UNDECLARED_SELECTOR = YES;
				GCC_WARN_UNINITIALIZED_AUTOS = YES_AGGRESSIVE;
				GCC_WARN_UNUSED_FUNCTION = YES;
				GCC_WARN_UNUSED_VARIABLE = YES;
				MACOSX_DEPLOYMENT_TARGET = 10.11;
				MTL_ENABLE_DEBUG_INFO = YES;
				ONLY_ACTIVE_ARCH = YES;
				SDKROOT = macosx;
			};
			name = Debug;
		};
		0AED682C1DC0747200E8B507 /* Release */ = {
			isa = XCBuildConfiguration;
			buildSettings = {
				ALWAYS_SEARCH_USER_PATHS = NO;
				CLANG_ANALYZER_NONNULL = YES;
				CLANG_CXX_LANGUAGE_STANDARD = "gnu++0x";
				CLANG_CXX_LIBRARY = "libc++";
				CLANG_ENABLE_MODULES = YES;
				CLANG_ENABLE_OBJC_ARC = YES;
				CLANG_WARN_BOOL_CONVERSION = YES;
				CLANG_WARN_CONSTANT_CONVERSION = YES;
				CLANG_WARN_DIRECT_OBJC_ISA_USAGE = YES_ERROR;
				CLANG_WARN_EMPTY_BODY = YES;
				CLANG_WARN_ENUM_CONVERSION = YES;
				CLANG_WARN_INT_CONVERSION = YES;
				CLANG_WARN_OBJC_ROOT_CLASS = YES_ERROR;
				CLANG_WARN_UNREACHABLE_CODE = YES;
				CLANG_WARN__DUPLICATE_METHOD_MATCH = YES;
				CODE_SIGN_IDENTITY = "-";
				COPY_PHASE_STRIP = NO;
				DEBUG_INFORMATION_FORMAT = "dwarf-with-dsym";
				ENABLE_NS_ASSERTIONS = NO;
				ENABLE_STRICT_OBJC_MSGSEND = YES;
				GCC_C_LANGUAGE_STANDARD = gnu99;
				GCC_NO_COMMON_BLOCKS = YES;
				GCC_WARN_64_TO_32_BIT_CONVERSION = YES;
				GCC_WARN_ABOUT_RETURN_TYPE = YES_ERROR;
				GCC_WARN_UNDECLARED_SELECTOR = YES;
				GCC_WARN_UNINITIALIZED_AUTOS = YES_AGGRESSIVE;
				GCC_WARN_UNUSED_FUNCTION = YES;
				GCC_WARN_UNUSED_VARIABLE = YES;
				MACOSX_DEPLOYMENT_TARGET = 10.11;
				MTL_ENABLE_DEBUG_INFO = NO;
				SDKROOT = macosx;
			};
			name = Release;
		};
		0AED682E1DC0747200E8B507 /* Debug */ = {
			isa = XCBuildConfiguration;
			buildSettings = {
				PRODUCT_NAME = "$(TARGET_NAME)";
			};
			name = Debug;
		};
		0AED682F1DC0747200E8B507 /* Release */ = {
			isa = XCBuildConfiguration;
			buildSettings = {
				PRODUCT_NAME = "$(TARGET_NAME)";
			};
			name = Release;
		};
/* End XCBuildConfiguration section */

/* Begin XCConfigurationList section */
		0AED68211DC0747200E8B507 /* Build configuration list for PBXProject "Bank Cash Counter2" */ = {
			isa = XCConfigurationList;
			buildConfigurations = (
				0AED682B1DC0747200E8B507 /* Debug */,
				0AED682C1DC0747200E8B507 /* Release */,
			);
			defaultConfigurationIsVisible = 0;
			defaultConfigurationName = Release;
		};
		0AED682D1DC0747200E8B507 /* Build configuration list for PBXNativeTarget "Bank Cash Counter2" */ = {
			isa = XCConfigurationList;
			buildConfigurations = (
				0AED682E1DC0747200E8B507 /* Debug */,
				0AED682F1DC0747200E8B507 /* Release */,
			);
			defaultConfigurationIsVisible = 0;
		};
/* End XCConfigurationList section */
	};
	rootObject = 0AED681E1DC0747200E8B507 /* Project object */;
}
