// !$*UTF8*$!
{
	archiveVersion = 1;
	classes = {
	};
	objectVersion = 46;
	objects = {

/* Begin PBXBuildFile section */
		0AEE9FCB1DB787BD0008620F /* main.m in Sources */ = {isa = PBXBuildFile; fileRef = 0AEE9FCA1DB787BD0008620F /* main.m */; };
		0AEE9FD31DB787D40008620F /* CashCounter.m in Sources */ = {isa = PBXBuildFile; fileRef = 0AEE9FD21DB787D40008620F /* CashCounter.m */; };
/* End PBXBuildFile section */

/* Begin PBXCopyFilesBuildPhase section */
		0AEE9FC51DB787BD0008620F /* CopyFiles */ = {
			isa = PBXCopyFilesBuildPhase;
			buildActionMask = 2147483647;
			dstPath = /usr/share/man/man1/;
			dstSubfolderSpec = 0;
			files = (
			);
			runOnlyForDeploymentPostprocessing = 1;
		};
/* End PBXCopyFilesBuildPhase section */

/* Begin PBXFileReference section */
		0AEE9FC71DB787BD0008620F /* Bank Cash Counter */ = {isa = PBXFileReference; explicitFileType = "compiled.mach-o.executable"; includeInIndex = 0; path = "Bank Cash Counter"; sourceTree = BUILT_PRODUCTS_DIR; };
		0AEE9FCA1DB787BD0008620F /* main.m */ = {isa = PBXFileReference; lastKnownFileType = sourcecode.c.objc; path = main.m; sourceTree = "<group>"; };
		0AEE9FD11DB787D40008620F /* CashCounter.h */ = {isa = PBXFileReference; fileEncoding = 4; lastKnownFileType = sourcecode.c.h; path = CashCounter.h; sourceTree = "<group>"; };
		0AEE9FD21DB787D40008620F /* CashCounter.m */ = {isa = PBXFileReference; fileEncoding = 4; lastKnownFileType = sourcecode.c.objc; path = CashCounter.m; sourceTree = "<group>"; };
/* End PBXFileReference section */

/* Begin PBXFrameworksBuildPhase section */
		0AEE9FC41DB787BD0008620F /* Frameworks */ = {
			isa = PBXFrameworksBuildPhase;
			buildActionMask = 2147483647;
			files = (
			);
			runOnlyForDeploymentPostprocessing = 0;
		};
/* End PBXFrameworksBuildPhase section */

/* Begin PBXGroup section */
		0AEE9FBE1DB787BD0008620F = {
			isa = PBXGroup;
			children = (
				0AEE9FC91DB787BD0008620F /* Bank Cash Counter */,
				0AEE9FC81DB787BD0008620F /* Products */,
			);
			sourceTree = "<group>";
		};
		0AEE9FC81DB787BD0008620F /* Products */ = {
			isa = PBXGroup;
			children = (
				0AEE9FC71DB787BD0008620F /* Bank Cash Counter */,
			);
			name = Products;
			sourceTree = "<group>";
		};
		0AEE9FC91DB787BD0008620F /* Bank Cash Counter */ = {
			isa = PBXGroup;
			children = (
				0AEE9FCA1DB787BD0008620F /* main.m */,
				0AEE9FD11DB787D40008620F /* CashCounter.h */,
				0AEE9FD21DB787D40008620F /* CashCounter.m */,
			);
			path = "Bank Cash Counter";
			sourceTree = "<group>";
		};
/* End PBXGroup section */

/* Begin PBXNativeTarget section */
		0AEE9FC61DB787BD0008620F /* Bank Cash Counter */ = {
			isa = PBXNativeTarget;
			buildConfigurationList = 0AEE9FCE1DB787BD0008620F /* Build configuration list for PBXNativeTarget "Bank Cash Counter" */;
			buildPhases = (
				0AEE9FC31DB787BD0008620F /* Sources */,
				0AEE9FC41DB787BD0008620F /* Frameworks */,
				0AEE9FC51DB787BD0008620F /* CopyFiles */,
			);
			buildRules = (
			);
			dependencies = (
			);
			name = "Bank Cash Counter";
			productName = "Bank Cash Counter";
			productReference = 0AEE9FC71DB787BD0008620F /* Bank Cash Counter */;
			productType = "com.apple.product-type.tool";
		};
/* End PBXNativeTarget section */

/* Begin PBXProject section */
		0AEE9FBF1DB787BD0008620F /* Project object */ = {
			isa = PBXProject;
			attributes = {
				LastUpgradeCheck = 0730;
				ORGANIZATIONNAME = "BridgeLabz Solutions LLP ";
				TargetAttributes = {
					0AEE9FC61DB787BD0008620F = {
						CreatedOnToolsVersion = 7.3.1;
					};
				};
			};
			buildConfigurationList = 0AEE9FC21DB787BD0008620F /* Build configuration list for PBXProject "Bank Cash Counter" */;
			compatibilityVersion = "Xcode 3.2";
			developmentRegion = English;
			hasScannedForEncodings = 0;
			knownRegions = (
				en,
			);
			mainGroup = 0AEE9FBE1DB787BD0008620F;
			productRefGroup = 0AEE9FC81DB787BD0008620F /* Products */;
			projectDirPath = "";
			projectRoot = "";
			targets = (
				0AEE9FC61DB787BD0008620F /* Bank Cash Counter */,
			);
		};
/* End PBXProject section */

/* Begin PBXSourcesBuildPhase section */
		0AEE9FC31DB787BD0008620F /* Sources */ = {
			isa = PBXSourcesBuildPhase;
			buildActionMask = 2147483647;
			files = (
				0AEE9FCB1DB787BD0008620F /* main.m in Sources */,
				0AEE9FD31DB787D40008620F /* CashCounter.m in Sources */,
			);
			runOnlyForDeploymentPostprocessing = 0;
		};
/* End PBXSourcesBuildPhase section */

/* Begin XCBuildConfiguration section */
		0AEE9FCC1DB787BD0008620F /* Debug */ = {
			isa = XCBuildConfiguration;
			buildSettings = {
				ALWAYS_SEARCH_USER_PATHS = NO;
				CLANG_ANALYZER_NONNULL = YES;
				CLANG_CXX_LANGUAGE_STANDARD = "gnu++0x";
				CLANG_CXX_LIBRARY = "libc++";
				CLANG_ENABLE_MODULES = YES;
				CLANG_ENABLE_OBJC_ARC = YES;
				CLANG_WARN_BOOL_CONVERSION = YES;
				CLANG_WARN_CONSTANT_CONVERSION = YES;
				CLANG_WARN_DIRECT_OBJC_ISA_USAGE = YES_ERROR;
				CLANG_WARN_EMPTY_BODY = YES;
				CLANG_WARN_ENUM_CONVERSION = YES;
				CLANG_WARN_INT_CONVERSION = YES;
				CLANG_WARN_OBJC_ROOT_CLASS = YES_ERROR;
				CLANG_WARN_UNREACHABLE_CODE = YES;
				CLANG_WARN__DUPLICATE_METHOD_MATCH = YES;
				CODE_SIGN_IDENTITY = "-";
				COPY_PHASE_STRIP = NO;
				DEBUG_INFORMATION_FORMAT = dwarf;
				ENABLE_STRICT_OBJC_MSGSEND = YES;
				ENABLE_TESTABILITY = YES;
				GCC_C_LANGUAGE_STANDARD = gnu99;
				GCC_DYNAMIC_NO_PIC = NO;
				GCC_NO_COMMON_BLOCKS = YES;
				GCC_OPTIMIZATION_LEVEL = 0;
				GCC_PREPROCESSOR_DEFINITIONS = (
					"DEBUG=1",
					"$(inherited)",
				);
				GCC_WARN_64_TO_32_BIT_CONVERSION = YES;
				GCC_WARN_ABOUT_RETURN_TYPE = YES_ERROR;
				GCC_WARN_UNDECLARED_SELECTOR = YES;
				GCC_WARN_UNINITIALIZED_AUTOS = YES_AGGRESSIVE;
				GCC_WARN_UNUSED_FUNCTION = YES;
				GCC_WARN_UNUSED_VARIABLE = YES;
				MACOSX_DEPLOYMENT_TARGET = 10.11;
				MTL_ENABLE_DEBUG_INFO = YES;
				ONLY_ACTIVE_ARCH = YES;
				SDKROOT = macosx;
			};
			name = Debug;
		};
		0AEE9FCD1DB787BD0008620F /* Release */ = {
			isa = XCBuildConfiguration;
			buildSettings = {
				ALWAYS_SEARCH_USER_PATHS = NO;
				CLANG_ANALYZER_NONNULL = YES;
				CLANG_CXX_LANGUAGE_STANDARD = "gnu++0x";
				CLANG_CXX_LIBRARY = "libc++";
				CLANG_ENABLE_MODULES = YES;
				CLANG_ENABLE_OBJC_ARC = YES;
				CLANG_WARN_BOOL_CONVERSION = YES;
				CLANG_WARN_CONSTANT_CONVERSION = YES;
				CLANG_WARN_DIRECT_OBJC_ISA_USAGE = YES_ERROR;
				CLANG_WARN_EMPTY_BODY = YES;
				CLANG_WARN_ENUM_CONVERSION = YES;
				CLANG_WARN_INT_CONVERSION = YES;
				CLANG_WARN_OBJC_ROOT_CLASS = YES_ERROR;
				CLANG_WARN_UNREACHABLE_CODE = YES;
				CLANG_WARN__DUPLICATE_METHOD_MATCH = YES;
				CODE_SIGN_IDENTITY = "-";
				COPY_PHASE_STRIP = NO;
				DEBUG_INFORMATION_FORMAT = "dwarf-with-dsym";
				ENABLE_NS_ASSERTIONS = NO;
				ENABLE_STRICT_OBJC_MSGSEND = YES;
				GCC_C_LANGUAGE_STANDARD = gnu99;
				GCC_NO_COMMON_BLOCKS = YES;
				GCC_WARN_64_TO_32_BIT_CONVERSION = YES;
				GCC_WARN_ABOUT_RETURN_TYPE = YES_ERROR;
				GCC_WARN_UNDECLARED_SELECTOR = YES;
				GCC_WARN_UNINITIALIZED_AUTOS = YES_AGGRESSIVE;
				GCC_WARN_UNUSED_FUNCTION = YES;
				GCC_WARN_UNUSED_VARIABLE = YES;
				MACOSX_DEPLOYMENT_TARGET = 10.11;
				MTL_ENABLE_DEBUG_INFO = NO;
				SDKROOT = macosx;
			};
			name = Release;
		};
		0AEE9FCF1DB787BD0008620F /* Debug */ = {
			isa = XCBuildConfiguration;
			buildSettings = {
				PRODUCT_NAME = "$(TARGET_NAME)";
			};
			name = Debug;
		};
		0AEE9FD01DB787BD0008620F /* Release */ = {
			isa = XCBuildConfiguration;
			buildSettings = {
				PRODUCT_NAME = "$(TARGET_NAME)";
			};
			name = Release;
		};
/* End XCBuildConfiguration section */

/* Begin XCConfigurationList section */
		0AEE9FC21DB787BD0008620F /* Build configuration list for PBXProject "Bank Cash Counter" */ = {
			isa = XCConfigurationList;
			buildConfigurations = (
				0AEE9FCC1DB787BD0008620F /* Debug */,
				0AEE9FCD1DB787BD0008620F /* Release */,
			);
			defaultConfigurationIsVisible = 0;
			defaultConfigurationName = Release;
		};
		0AEE9FCE1DB787BD0008620F /* Build configuration list for PBXNativeTarget "Bank Cash Counter" */ = {
			isa = XCConfigurationList;
			buildConfigurations = (
				0AEE9FCF1DB787BD0008620F /* Debug */,
				0AEE9FD01DB787BD0008620F /* Release */,
			);
			defaultConfigurationIsVisible = 0;
		};
/* End XCConfigurationList section */
	};
	rootObject = 0AEE9FBF1DB787BD0008620F /* Project object */;
}
